{
  "name": "miniprogram",
  "version": "1.0.0",
  "lockfileVersion": 1,
  "requires": true,
  "dependencies": {
    "miniprograms-navigation-bar": {
      "version": "2.0.2",
      "resolved": "https://fs-npm.tuhu.cn/miniprograms-navigation-bar/-/miniprograms-navigation-bar-2.0.2.tgz",
      "integrity": "sha1-sdGgP+s+hsjivIg36hxdzucHPD4="
    }
  }
}
